// !$*UTF8*$!
{
	archiveVersion = 1;
	classes = {
	};
	objectVersion = 46;
	objects = {

/* Begin PBXBuildFile section */
		CC1686041E642BCC00D8B8F5 /* URL+Utils.swift in Sources */ = {isa = PBXBuildFile; fileRef = CC1686031E642BCC00D8B8F5 /* URL+Utils.swift */; };
		CC2ACA041E5A63E7004BA2A6 /* AppConfig.swift in Sources */ = {isa = PBXBuildFile; fileRef = CC2ACA031E5A63E7004BA2A6 /* AppConfig.swift */; };
		CC3862CE1E6199BC00D6A598 /* PlaylistParser.swift in Sources */ = {isa = PBXBuildFile; fileRef = CC3862CD1E6199BC00D6A598 /* PlaylistParser.swift */; };
		CC3862D01E619A7200D6A598 /* Playlist.swift in Sources */ = {isa = PBXBuildFile; fileRef = CC3862CF1E619A7200D6A598 /* Playlist.swift */; };
		CC3862D21E61E43700D6A598 /* Segment.swift in Sources */ = {isa = PBXBuildFile; fileRef = CC3862D11E61E43700D6A598 /* Segment.swift */; };
		CCA575D21E632F58002B7CF2 /* StreamProxyPolicy.swift in Sources */ = {isa = PBXBuildFile; fileRef = CCA575D11E632F58002B7CF2 /* StreamProxyPolicy.swift */; };
		CCD085691E6ADB10008E6FA6 /* Mutex.swift in Sources */ = {isa = PBXBuildFile; fileRef = CCD085681E6ADB10008E6FA6 /* Mutex.swift */; };
		CCD085701E6AEF43008E6FA6 /* ResolutionSelectionControl.swift in Sources */ = {isa = PBXBuildFile; fileRef = CCD0856F1E6AEF43008E6FA6 /* ResolutionSelectionControl.swift */; };
		CCD085731E6B3162008E6FA6 /* PlayerViewController.swift in Sources */ = {isa = PBXBuildFile; fileRef = CCD085721E6B3162008E6FA6 /* PlayerViewController.swift */; };
		CCDECEEB1E58A9D400CFACCF /* AppDelegate.swift in Sources */ = {isa = PBXBuildFile; fileRef = CCDECEEA1E58A9D400CFACCF /* AppDelegate.swift */; };
		CCDECEED1E58A9E000CFACCF /* AppFactory.swift in Sources */ = {isa = PBXBuildFile; fileRef = CCDECEEC1E58A9E000CFACCF /* AppFactory.swift */; };
		CCDECEF11E58DC5900CFACCF /* GCDWebServers.framework in Frameworks */ = {isa = PBXBuildFile; fileRef = CCDECEF01E58DC5900CFACCF /* GCDWebServers.framework */; };
		CCDECEF41E59096700CFACCF /* StreamProxy.swift in Sources */ = {isa = PBXBuildFile; fileRef = CCDECEF31E59096700CFACCF /* StreamProxy.swift */; };
		CCDECF0A1E5914AD00CFACCF /* URLSession+Utils.swift in Sources */ = {isa = PBXBuildFile; fileRef = CCDECF091E5914AD00CFACCF /* URLSession+Utils.swift */; };
		CCFAE6E01E37E355005300F8 /* Assets.xcassets in Resources */ = {isa = PBXBuildFile; fileRef = CCFAE6D81E37E355005300F8 /* Assets.xcassets */; };
		CCFAE6E11E37E355005300F8 /* LaunchScreen.storyboard in Resources */ = {isa = PBXBuildFile; fileRef = CCFAE6D91E37E355005300F8 /* LaunchScreen.storyboard */; };
/* End PBXBuildFile section */

/* Begin PBXFileReference section */
		CC1686031E642BCC00D8B8F5 /* URL+Utils.swift */ = {isa = PBXFileReference; fileEncoding = 4; lastKnownFileType = sourcecode.swift; path = "URL+Utils.swift"; sourceTree = "<group>"; };
		CC2ACA031E5A63E7004BA2A6 /* AppConfig.swift */ = {isa = PBXFileReference; fileEncoding = 4; lastKnownFileType = sourcecode.swift; path = AppConfig.swift; sourceTree = "<group>"; };
		CC3862CD1E6199BC00D6A598 /* PlaylistParser.swift */ = {isa = PBXFileReference; fileEncoding = 4; lastKnownFileType = sourcecode.swift; path = PlaylistParser.swift; sourceTree = "<group>"; };
		CC3862CF1E619A7200D6A598 /* Playlist.swift */ = {isa = PBXFileReference; fileEncoding = 4; lastKnownFileType = sourcecode.swift; path = Playlist.swift; sourceTree = "<group>"; };
		CC3862D11E61E43700D6A598 /* Segment.swift */ = {isa = PBXFileReference; fileEncoding = 4; lastKnownFileType = sourcecode.swift; path = Segment.swift; sourceTree = "<group>"; };
		CCA575D11E632F58002B7CF2 /* StreamProxyPolicy.swift */ = {isa = PBXFileReference; fileEncoding = 4; lastKnownFileType = sourcecode.swift; path = StreamProxyPolicy.swift; sourceTree = "<group>"; };
		CCD085681E6ADB10008E6FA6 /* Mutex.swift */ = {isa = PBXFileReference; fileEncoding = 4; lastKnownFileType = sourcecode.swift; path = Mutex.swift; sourceTree = "<group>"; };
		CCD0856F1E6AEF43008E6FA6 /* ResolutionSelectionControl.swift */ = {isa = PBXFileReference; fileEncoding = 4; lastKnownFileType = sourcecode.swift; path = ResolutionSelectionControl.swift; sourceTree = "<group>"; };
		CCD085721E6B3162008E6FA6 /* PlayerViewController.swift */ = {isa = PBXFileReference; fileEncoding = 4; lastKnownFileType = sourcecode.swift; path = PlayerViewController.swift; sourceTree = "<group>"; };
		CCDECEEA1E58A9D400CFACCF /* AppDelegate.swift */ = {isa = PBXFileReference; fileEncoding = 4; lastKnownFileType = sourcecode.swift; path = AppDelegate.swift; sourceTree = "<group>"; };
		CCDECEEC1E58A9E000CFACCF /* AppFactory.swift */ = {isa = PBXFileReference; fileEncoding = 4; lastKnownFileType = sourcecode.swift; path = AppFactory.swift; sourceTree = "<group>"; };
		CCDECEF01E58DC5900CFACCF /* GCDWebServers.framework */ = {isa = PBXFileReference; lastKnownFileType = wrapper.framework; name = GCDWebServers.framework; path = Carthage/Build/iOS/GCDWebServers.framework; sourceTree = "<group>"; };
		CCDECEF31E59096700CFACCF /* StreamProxy.swift */ = {isa = PBXFileReference; fileEncoding = 4; lastKnownFileType = sourcecode.swift; path = StreamProxy.swift; sourceTree = "<group>"; };
		CCDECF091E5914AD00CFACCF /* URLSession+Utils.swift */ = {isa = PBXFileReference; fileEncoding = 4; lastKnownFileType = sourcecode.swift; path = "URLSession+Utils.swift"; sourceTree = "<group>"; };
		CCFAE6BE1E37E29A005300F8 /* VideoPlayer.app */ = {isa = PBXFileReference; explicitFileType = wrapper.application; includeInIndex = 0; path = VideoPlayer.app; sourceTree = BUILT_PRODUCTS_DIR; };
		CCFAE6D81E37E355005300F8 /* Assets.xcassets */ = {isa = PBXFileReference; lastKnownFileType = folder.assetcatalog; path = Assets.xcassets; sourceTree = "<group>"; };
		CCFAE6DA1E37E355005300F8 /* Base */ = {isa = PBXFileReference; lastKnownFileType = file.storyboard; name = Base; path = Base.lproj/LaunchScreen.storyboard; sourceTree = "<group>"; };
		CCFAE6DD1E37E355005300F8 /* Info.plist */ = {isa = PBXFileReference; fileEncoding = 4; lastKnownFileType = text.plist.xml; path = Info.plist; sourceTree = "<group>"; };
/* End PBXFileReference section */

/* Begin PBXFrameworksBuildPhase section */
		CCFAE6BB1E37E29A005300F8 /* Frameworks */ = {
			isa = PBXFrameworksBuildPhase;
			buildActionMask = 2147483647;
			files = (
				CCDECEF11E58DC5900CFACCF /* GCDWebServers.framework in Frameworks */,
			);
			runOnlyForDeploymentPostprocessing = 0;
		};
/* End PBXFrameworksBuildPhase section */

/* Begin PBXGroup section */
		CCD0856E1E6AEF26008E6FA6 /* view */ = {
			isa = PBXGroup;
			children = (
				CCD0856F1E6AEF43008E6FA6 /* ResolutionSelectionControl.swift */,
			);
			path = view;
			sourceTree = "<group>";
		};
		CCD085711E6B3151008E6FA6 /* controller */ = {
			isa = PBXGroup;
			children = (
				CCD085721E6B3162008E6FA6 /* PlayerViewController.swift */,
			);
			path = controller;
			sourceTree = "<group>";
		};
		CCDECEE91E58A9D400CFACCF /* application */ = {
			isa = PBXGroup;
			children = (
				CCDECEEA1E58A9D400CFACCF /* AppDelegate.swift */,
				CCDECEEC1E58A9E000CFACCF /* AppFactory.swift */,
				CC2ACA031E5A63E7004BA2A6 /* AppConfig.swift */,
			);
			path = application;
			sourceTree = "<group>";
		};
		CCDECEEF1E58DC5900CFACCF /* Frameworks */ = {
			isa = PBXGroup;
			children = (
				CCDECEF01E58DC5900CFACCF /* GCDWebServers.framework */,
			);
			name = Frameworks;
			sourceTree = "<group>";
		};
		CCDECF081E59148300CFACCF /* extensions */ = {
			isa = PBXGroup;
			children = (
				CCDECF091E5914AD00CFACCF /* URLSession+Utils.swift */,
				CC1686031E642BCC00D8B8F5 /* URL+Utils.swift */,
			);
			path = extensions;
			sourceTree = "<group>";
		};
		CCFAE6B51E37E29A005300F8 = {
			isa = PBXGroup;
			children = (
				CCFAE6C01E37E29A005300F8 /* VideoPlayer */,
				CCFAE6BF1E37E29A005300F8 /* Products */,
				CCDECEEF1E58DC5900CFACCF /* Frameworks */,
			);
			sourceTree = "<group>";
		};
		CCFAE6BF1E37E29A005300F8 /* Products */ = {
			isa = PBXGroup;
			children = (
				CCFAE6BE1E37E29A005300F8 /* VideoPlayer.app */,
			);
			name = Products;
			sourceTree = "<group>";
		};
		CCFAE6C01E37E29A005300F8 /* VideoPlayer */ = {
			isa = PBXGroup;
			children = (
				CCDECEE91E58A9D400CFACCF /* application */,
				CCDECF081E59148300CFACCF /* extensions */,
				CCFAE6D61E37E355005300F8 /* model */,
				CCD0856E1E6AEF26008E6FA6 /* view */,
				CCD085711E6B3151008E6FA6 /* controller */,
				CCFAE6D71E37E355005300F8 /* res */,
			);
			path = VideoPlayer;
			sourceTree = "<group>";
		};
		CCFAE6D61E37E355005300F8 /* model */ = {
			isa = PBXGroup;
			children = (
				CCD085681E6ADB10008E6FA6 /* Mutex.swift */,
				CC3862CF1E619A7200D6A598 /* Playlist.swift */,
				CC3862CD1E6199BC00D6A598 /* PlaylistParser.swift */,
				CC3862D11E61E43700D6A598 /* Segment.swift */,
				CCDECEF31E59096700CFACCF /* StreamProxy.swift */,
				CCA575D11E632F58002B7CF2 /* StreamProxyPolicy.swift */,
			);
			path = model;
			sourceTree = "<group>";
		};
		CCFAE6D71E37E355005300F8 /* res */ = {
			isa = PBXGroup;
			children = (
				CCFAE6D81E37E355005300F8 /* Assets.xcassets */,
				CCFAE6D91E37E355005300F8 /* LaunchScreen.storyboard */,
				CCFAE6DD1E37E355005300F8 /* Info.plist */,
			);
			path = res;
			sourceTree = "<group>";
		};
/* End PBXGroup section */

/* Begin PBXNativeTarget section */
		CCFAE6BD1E37E29A005300F8 /* VideoPlayer */ = {
			isa = PBXNativeTarget;
			buildConfigurationList = CCFAE6D01E37E29A005300F8 /* Build configuration list for PBXNativeTarget "VideoPlayer" */;
			buildPhases = (
				CCFAE6BA1E37E29A005300F8 /* Sources */,
				CCFAE6BB1E37E29A005300F8 /* Frameworks */,
				CCFAE6BC1E37E29A005300F8 /* Resources */,
				CCDECEF21E58DC7E00CFACCF /* ShellScript */,
			);
			buildRules = (
			);
			dependencies = (
			);
			name = VideoPlayer;
			productName = VideoPlayer;
			productReference = CCFAE6BE1E37E29A005300F8 /* VideoPlayer.app */;
			productType = "com.apple.product-type.application";
		};
/* End PBXNativeTarget section */

/* Begin PBXProject section */
		CCFAE6B61E37E29A005300F8 /* Project object */ = {
			isa = PBXProject;
			attributes = {
				LastSwiftUpdateCheck = 0820;
				LastUpgradeCheck = 0820;
				ORGANIZATIONNAME = "Ivano Bilenchi";
				TargetAttributes = {
					CCFAE6BD1E37E29A005300F8 = {
						CreatedOnToolsVersion = 8.2;
						DevelopmentTeam = L4J5Y5B6JJ;
						ProvisioningStyle = Automatic;
					};
				};
			};
			buildConfigurationList = CCFAE6B91E37E29A005300F8 /* Build configuration list for PBXProject "VideoPlayer" */;
			compatibilityVersion = "Xcode 3.2";
			developmentRegion = English;
			hasScannedForEncodings = 0;
			knownRegions = (
				en,
				Base,
			);
			mainGroup = CCFAE6B51E37E29A005300F8;
			productRefGroup = CCFAE6BF1E37E29A005300F8 /* Products */;
			projectDirPath = "";
			projectRoot = "";
			targets = (
				CCFAE6BD1E37E29A005300F8 /* VideoPlayer */,
			);
		};
/* End PBXProject section */

/* Begin PBXResourcesBuildPhase section */
		CCFAE6BC1E37E29A005300F8 /* Resources */ = {
			isa = PBXResourcesBuildPhase;
			buildActionMask = 2147483647;
			files = (
				CCFAE6E01E37E355005300F8 /* Assets.xcassets in Resources */,
				CCFAE6E11E37E355005300F8 /* LaunchScreen.storyboard in Resources */,
			);
			runOnlyForDeploymentPostprocessing = 0;
		};
/* End PBXResourcesBuildPhase section */

/* Begin PBXShellScriptBuildPhase section */
		CCDECEF21E58DC7E00CFACCF /* ShellScript */ = {
			isa = PBXShellScriptBuildPhase;
			buildActionMask = 2147483647;
			files = (
			);
			inputPaths = (
				"$(SRCROOT)/Carthage/Build/iOS/GCDWebServers.framework",
			);
			outputPaths = (
			);
			runOnlyForDeploymentPostprocessing = 0;
			shellPath = /bin/sh;
			shellScript = "/usr/local/bin/carthage copy-frameworks";
		};
/* End PBXShellScriptBuildPhase section */

/* Begin PBXSourcesBuildPhase section */
		CCFAE6BA1E37E29A005300F8 /* Sources */ = {
			isa = PBXSourcesBuildPhase;
			buildActionMask = 2147483647;
			files = (
				CCD085701E6AEF43008E6FA6 /* ResolutionSelectionControl.swift in Sources */,
				CCDECF0A1E5914AD00CFACCF /* URLSession+Utils.swift in Sources */,
				CC2ACA041E5A63E7004BA2A6 /* AppConfig.swift in Sources */,
				CCA575D21E632F58002B7CF2 /* StreamProxyPolicy.swift in Sources */,
				CCDECEED1E58A9E000CFACCF /* AppFactory.swift in Sources */,
				CC3862D21E61E43700D6A598 /* Segment.swift in Sources */,
				CC3862D01E619A7200D6A598 /* Playlist.swift in Sources */,
				CCD085731E6B3162008E6FA6 /* PlayerViewController.swift in Sources */,
				CCD085691E6ADB10008E6FA6 /* Mutex.swift in Sources */,
				CCDECEEB1E58A9D400CFACCF /* AppDelegate.swift in Sources */,
				CC3862CE1E6199BC00D6A598 /* PlaylistParser.swift in Sources */,
				CCDECEF41E59096700CFACCF /* StreamProxy.swift in Sources */,
				CC1686041E642BCC00D8B8F5 /* URL+Utils.swift in Sources */,
			);
			runOnlyForDeploymentPostprocessing = 0;
		};
/* End PBXSourcesBuildPhase section */

/* Begin PBXVariantGroup section */
		CCFAE6D91E37E355005300F8 /* LaunchScreen.storyboard */ = {
			isa = PBXVariantGroup;
			children = (
				CCFAE6DA1E37E355005300F8 /* Base */,
			);
			name = LaunchScreen.storyboard;
			sourceTree = "<group>";
		};
/* End PBXVariantGroup section */

/* Begin XCBuildConfiguration section */
		CCFAE6CE1E37E29A005300F8 /* Debug */ = {
			isa = XCBuildConfiguration;
			buildSettings = {
				ALWAYS_SEARCH_USER_PATHS = NO;
				CLANG_ANALYZER_NONNULL = YES;
				CLANG_CXX_LANGUAGE_STANDARD = "gnu++0x";
				CLANG_CXX_LIBRARY = "libc++";
				CLANG_ENABLE_MODULES = YES;
				CLANG_ENABLE_OBJC_ARC = YES;
				CLANG_WARN_BOOL_CONVERSION = YES;
				CLANG_WARN_CONSTANT_CONVERSION = YES;
				CLANG_WARN_DIRECT_OBJC_ISA_USAGE = YES_ERROR;
				CLANG_WARN_DOCUMENTATION_COMMENTS = YES;
				CLANG_WARN_EMPTY_BODY = YES;
				CLANG_WARN_ENUM_CONVERSION = YES;
				CLANG_WARN_INFINITE_RECURSION = YES;
				CLANG_WARN_INT_CONVERSION = YES;
				CLANG_WARN_OBJC_ROOT_CLASS = YES_ERROR;
				CLANG_WARN_SUSPICIOUS_MOVE = YES;
				CLANG_WARN_UNREACHABLE_CODE = YES;
				CLANG_WARN__DUPLICATE_METHOD_MATCH = YES;
				"CODE_SIGN_IDENTITY[sdk=iphoneos*]" = "iPhone Developer";
				COPY_PHASE_STRIP = NO;
				DEBUG_ACTIVITY_MODE = "";
				"DEBUG_ACTIVITY_MODE[sdk=iphonesimulator*]" = disable;
				DEBUG_INFORMATION_FORMAT = dwarf;
				ENABLE_STRICT_OBJC_MSGSEND = YES;
				ENABLE_TESTABILITY = YES;
				GCC_C_LANGUAGE_STANDARD = gnu99;
				GCC_DYNAMIC_NO_PIC = NO;
				GCC_NO_COMMON_BLOCKS = YES;
				GCC_OPTIMIZATION_LEVEL = 0;
				GCC_PREPROCESSOR_DEFINITIONS = (
					"DEBUG=1",
					"$(inherited)",
				);
				GCC_WARN_64_TO_32_BIT_CONVERSION = YES;
				GCC_WARN_ABOUT_RETURN_TYPE = YES_ERROR;
				GCC_WARN_UNDECLARED_SELECTOR = YES;
				GCC_WARN_UNINITIALIZED_AUTOS = YES_AGGRESSIVE;
				GCC_WARN_UNUSED_FUNCTION = YES;
				GCC_WARN_UNUSED_VARIABLE = YES;
				IPHONEOS_DEPLOYMENT_TARGET = 10.2;
				MTL_ENABLE_DEBUG_INFO = YES;
				ONLY_ACTIVE_ARCH = YES;
				SDKROOT = iphoneos;
				SWIFT_ACTIVE_COMPILATION_CONDITIONS = DEBUG;
				SWIFT_OPTIMIZATION_LEVEL = "-Onone";
				TARGETED_DEVICE_FAMILY = "1,2";
			};
			name = Debug;
		};
		CCFAE6CF1E37E29A005300F8 /* Release */ = {
			isa = XCBuildConfiguration;
			buildSettings = {
				ALWAYS_SEARCH_USER_PATHS = NO;
				CLANG_ANALYZER_NONNULL = YES;
				CLANG_CXX_LANGUAGE_STANDARD = "gnu++0x";
				CLANG_CXX_LIBRARY = "libc++";
				CLANG_ENABLE_MODULES = YES;
				CLANG_ENABLE_OBJC_ARC = YES;
				CLANG_WARN_BOOL_CONVERSION = YES;
				CLANG_WARN_CONSTANT_CONVERSION = YES;
				CLANG_WARN_DIRECT_OBJC_ISA_USAGE = YES_ERROR;
				CLANG_WARN_DOCUMENTATION_COMMENTS = YES;
				CLANG_WARN_EMPTY_BODY = YES;
				CLANG_WARN_ENUM_CONVERSION = YES;
				CLANG_WARN_INFINITE_RECURSION = YES;
				CLANG_WARN_INT_CONVERSION = YES;
				CLANG_WARN_OBJC_ROOT_CLASS = YES_ERROR;
				CLANG_WARN_SUSPICIOUS_MOVE = YES;
				CLANG_WARN_UNREACHABLE_CODE = YES;
				CLANG_WARN__DUPLICATE_METHOD_MATCH = YES;
				"CODE_SIGN_IDENTITY[sdk=iphoneos*]" = "iPhone Developer";
				COPY_PHASE_STRIP = NO;
				DEBUG_ACTIVITY_MODE = "";
				DEBUG_INFORMATION_FORMAT = "dwarf-with-dsym";
				ENABLE_NS_ASSERTIONS = NO;
				ENABLE_STRICT_OBJC_MSGSEND = YES;
				GCC_C_LANGUAGE_STANDARD = gnu99;
				GCC_NO_COMMON_BLOCKS = YES;
				GCC_WARN_64_TO_32_BIT_CONVERSION = YES;
				GCC_WARN_ABOUT_RETURN_TYPE = YES_ERROR;
				GCC_WARN_UNDECLARED_SELECTOR = YES;
				GCC_WARN_UNINITIALIZED_AUTOS = YES_AGGRESSIVE;
				GCC_WARN_UNUSED_FUNCTION = YES;
				GCC_WARN_UNUSED_VARIABLE = YES;
				IPHONEOS_DEPLOYMENT_TARGET = 10.2;
				MTL_ENABLE_DEBUG_INFO = NO;
				SDKROOT = iphoneos;
				SWIFT_OPTIMIZATION_LEVEL = "-Owholemodule";
				TARGETED_DEVICE_FAMILY = "1,2";
				VALIDATE_PRODUCT = YES;
			};
			name = Release;
		};
		CCFAE6D11E37E29A005300F8 /* Debug */ = {
			isa = XCBuildConfiguration;
			buildSettings = {
				ASSETCATALOG_COMPILER_APPICON_NAME = AppIcon;
				DEVELOPMENT_TEAM = L4J5Y5B6JJ;
				FRAMEWORK_SEARCH_PATHS = (
					"$(inherited)",
					"$(PROJECT_DIR)/Carthage/Build/iOS",
				);
				INFOPLIST_FILE = VideoPlayer/res/Info.plist;
				LD_RUNPATH_SEARCH_PATHS = "$(inherited) @executable_path/Frameworks";
				PRODUCT_BUNDLE_IDENTIFIER = com.ivanobilenchi.VideoPlayer;
				PRODUCT_NAME = "$(TARGET_NAME)";
				SWIFT_VERSION = 3.0;
			};
			name = Debug;
		};
		CCFAE6D21E37E29A005300F8 /* Release */ = {
			isa = XCBuildConfiguration;
			buildSettings = {
				ASSETCATALOG_COMPILER_APPICON_NAME = AppIcon;
				DEVELOPMENT_TEAM = L4J5Y5B6JJ;
				FRAMEWORK_SEARCH_PATHS = (
					"$(inherited)",
					"$(PROJECT_DIR)/Carthage/Build/iOS",
				);
				INFOPLIST_FILE = VideoPlayer/res/Info.plist;
				LD_RUNPATH_SEARCH_PATHS = "$(inherited) @executable_path/Frameworks";
				PRODUCT_BUNDLE_IDENTIFIER = com.ivanobilenchi.VideoPlayer;
				PRODUCT_NAME = "$(TARGET_NAME)";
				SWIFT_VERSION = 3.0;
			};
			name = Release;
		};
/* End XCBuildConfiguration section */

/* Begin XCConfigurationList section */
		CCFAE6B91E37E29A005300F8 /* Build configuration list for PBXProject "VideoPlayer" */ = {
			isa = XCConfigurationList;
			buildConfigurations = (
				CCFAE6CE1E37E29A005300F8 /* Debug */,
				CCFAE6CF1E37E29A005300F8 /* Release */,
			);
			defaultConfigurationIsVisible = 0;
			defaultConfigurationName = Release;
		};
		CCFAE6D01E37E29A005300F8 /* Build configuration list for PBXNativeTarget "VideoPlayer" */ = {
			isa = XCConfigurationList;
			buildConfigurations = (
				CCFAE6D11E37E29A005300F8 /* Debug */,
				CCFAE6D21E37E29A005300F8 /* Release */,
			);
			defaultConfigurationIsVisible = 0;
			defaultConfigurationName = Release;
		};
/* End XCConfigurationList section */
	};
	rootObject = CCFAE6B61E37E29A005300F8 /* Project object */;
}
